
Microsoft Visual Studio Solution File, Format Version 12.00
# Visual Studio Version 16
VisualStudioVersion = 16.0.31205.134
MinimumVisualStudioVersion = 10.0.40219.1
Project("{2150E333-8FDC-42A3-9474-1A3956D46DE8}") = "src", "src", "{8616B521-A787-4D94-A6BB-D1C44EBF5557}"
EndProject
Project("{2150E333-8FDC-42A3-9474-1A3956D46DE8}") = "building blocks", "building blocks", "{6F6EC405-01CC-4F6F-8F4D-E7AA22476672}"
EndProject
Project("{2150E333-8FDC-42A3-9474-1A3956D46DE8}") = "sevices", "sevices", "{7E81A7D4-AC9E-4263-BDCD-FB19B8B70E1E}"
EndProject
Project("{2150E333-8FDC-42A3-9474-1A3956D46DE8}") = "Identidade", "Identidade", "{2F15CB53-FA5E-4BC3-A88C-241E408DC1E7}"
EndProject
Project("{9A19103F-16F7-4668-BE54-9A1E7A4F7556}") = "NSE.Identidade.API", "src\services\NSE.Identidade.API\NSE.Identidade.API.csproj", "{2C31645D-445E-4851-A80A-825424DC3E45}"
EndProject
Project("{2150E333-8FDC-42A3-9474-1A3956D46DE8}") = "Services", "Services", "{CC18BD69-CF24-4361-9B98-DF102DDE3A10}"
EndProject
Project("{9A19103F-16F7-4668-BE54-9A1E7A4F7556}") = "NSE.WebApi.Core", "src\building blocks\NSE.WebApi.Core\NSE.WebApi.Core.csproj", "{1156AAD6-3D36-4CC9-951D-31A883140DC7}"
EndProject
Global
	GlobalSection(SolutionConfigurationPlatforms) = preSolution
		Debug|Any CPU = Debug|Any CPU
		Release|Any CPU = Release|Any CPU
	EndGlobalSection
	GlobalSection(ProjectConfigurationPlatforms) = postSolution
		{2C31645D-445E-4851-A80A-825424DC3E45}.Debug|Any CPU.ActiveCfg = Debug|Any CPU
		{2C31645D-445E-4851-A80A-825424DC3E45}.Debug|Any CPU.Build.0 = Debug|Any CPU
		{2C31645D-445E-4851-A80A-825424DC3E45}.Release|Any CPU.ActiveCfg = Release|Any CPU
		{2C31645D-445E-4851-A80A-825424DC3E45}.Release|Any CPU.Build.0 = Release|Any CPU
		{1156AAD6-3D36-4CC9-951D-31A883140DC7}.Debug|Any CPU.ActiveCfg = Debug|Any CPU
		{1156AAD6-3D36-4CC9-951D-31A883140DC7}.Debug|Any CPU.Build.0 = Debug|Any CPU
		{1156AAD6-3D36-4CC9-951D-31A883140DC7}.Release|Any CPU.ActiveCfg = Release|Any CPU
		{1156AAD6-3D36-4CC9-951D-31A883140DC7}.Release|Any CPU.Build.0 = Release|Any CPU
	EndGlobalSection
	GlobalSection(SolutionProperties) = preSolution
		HideSolutionNode = FALSE
	EndGlobalSection
	GlobalSection(NestedProjects) = preSolution
		{6F6EC405-01CC-4F6F-8F4D-E7AA22476672} = {8616B521-A787-4D94-A6BB-D1C44EBF5557}
		{7E81A7D4-AC9E-4263-BDCD-FB19B8B70E1E} = {8616B521-A787-4D94-A6BB-D1C44EBF5557}
		{2F15CB53-FA5E-4BC3-A88C-241E408DC1E7} = {7E81A7D4-AC9E-4263-BDCD-FB19B8B70E1E}
		{2C31645D-445E-4851-A80A-825424DC3E45} = {2F15CB53-FA5E-4BC3-A88C-241E408DC1E7}
		{CC18BD69-CF24-4361-9B98-DF102DDE3A10} = {6F6EC405-01CC-4F6F-8F4D-E7AA22476672}
		{1156AAD6-3D36-4CC9-951D-31A883140DC7} = {CC18BD69-CF24-4361-9B98-DF102DDE3A10}
	EndGlobalSection
	GlobalSection(ExtensibilityGlobals) = postSolution
		SolutionGuid = {7B7BB4EB-21A9-4425-B095-A3735723E361}
	EndGlobalSection
EndGlobal
